
Microsoft Visual Studio Solution File, Format Version 12.00
# Visual Studio Version 17
VisualStudioVersion = 17.13.35931.197 d17.13
MinimumVisualStudioVersion = 10.0.40219.1
Project("{FAE04EC0-301F-11D3-BF4B-00C04F79EFBC}") = "MotorbikeRental.View", "MotorbikeRental.View\MotorbikeRental.View.csproj", "{884E306C-F041-48D2-95D6-D63803CECADA}"
EndProject
Global
	GlobalSection(SolutionConfigurationPlatforms) = preSolution
		Debug|Any CPU = Debug|Any CPU
		Release|Any CPU = Release|Any CPU
	EndGlobalSection
	GlobalSection(ProjectConfigurationPlatforms) = postSolution
		{884E306C-F041-48D2-95D6-D63803CECADA}.Debug|Any CPU.ActiveCfg = Debug|Any CPU
		{884E306C-F041-48D2-95D6-D63803CECADA}.Debug|Any CPU.Build.0 = Debug|Any CPU
		{884E306C-F041-48D2-95D6-D63803CECADA}.Release|Any CPU.ActiveCfg = Release|Any CPU
		{884E306C-F041-48D2-95D6-D63803CECADA}.Release|Any CPU.Build.0 = Release|Any CPU
	EndGlobalSection
	GlobalSection(SolutionProperties) = preSolution
		HideSolutionNode = FALSE
	EndGlobalSection
	GlobalSection(ExtensibilityGlobals) = postSolution
		SolutionGuid = {FDE89383-60EA-48A8-B01D-A752E69DF623}
	EndGlobalSection
EndGlobal
